
Microsoft Visual Studio Solution File, Format Version 12.00
# Visual Studio Version 17
VisualStudioVersion = 17.0.32014.148
MinimumVisualStudioVersion = 10.0.40219.1
Project("{9A19103F-16F7-4668-BE54-9A1E7A4F7556}") = "Villagenix.Common", "Common\Villagenix.Common.csproj", "{7ADA03CA-D89F-4774-9DD9-45734450FA46}"
EndProject
Project("{9A19103F-16F7-4668-BE54-9A1E7A4F7556}") = "Villagenix.DataAccess", "DataAccess\Villagenix.DataAccess.csproj", "{21554811-5E4B-41ED-9F5A-2888AEA73290}"
EndProject
Project("{9A19103F-16F7-4668-BE54-9A1E7A4F7556}") = "Villagenix.Business", "Villagenix.Business\Villagenix.Business.csproj", "{F9495ECB-735E-418D-B64C-AF5D72454E12}"
EndProject
Project("{9A19103F-16F7-4668-BE54-9A1E7A4F7556}") = "Villagenix.Models", "Villagenix.Models\Villagenix.Models.csproj", "{54157041-042F-4E49-B118-480AB7145263}"
EndProject
Project("{9A19103F-16F7-4668-BE54-9A1E7A4F7556}") = "Villagenix.Server", "Villagenix.Server\Villagenix.Server.csproj", "{67C53D24-28F4-4760-9688-7A02223239A7}"
EndProject
Project("{FAE04EC0-301F-11D3-BF4B-00C04F79EFBC}") = "Villagenix.API", "Villagenix.API\Villagenix.API.csproj", "{B5FFF771-FD28-47BC-B64A-EB6B61D849F8}"
EndProject
Project("{FAE04EC0-301F-11D3-BF4B-00C04F79EFBC}") = "Villagenix.Client", "Villagenix.Client\Villagenix.Client.csproj", "{0E480350-1903-43F6-A4D4-3FD476FB9D8D}"
EndProject
Global
	GlobalSection(SolutionConfigurationPlatforms) = preSolution
		Debug|Any CPU = Debug|Any CPU
		Release|Any CPU = Release|Any CPU
	EndGlobalSection
	GlobalSection(ProjectConfigurationPlatforms) = postSolution
		{7ADA03CA-D89F-4774-9DD9-45734450FA46}.Debug|Any CPU.ActiveCfg = Debug|Any CPU
		{7ADA03CA-D89F-4774-9DD9-45734450FA46}.Debug|Any CPU.Build.0 = Debug|Any CPU
		{7ADA03CA-D89F-4774-9DD9-45734450FA46}.Release|Any CPU.ActiveCfg = Release|Any CPU
		{7ADA03CA-D89F-4774-9DD9-45734450FA46}.Release|Any CPU.Build.0 = Release|Any CPU
		{21554811-5E4B-41ED-9F5A-2888AEA73290}.Debug|Any CPU.ActiveCfg = Debug|Any CPU
		{21554811-5E4B-41ED-9F5A-2888AEA73290}.Debug|Any CPU.Build.0 = Debug|Any CPU
		{21554811-5E4B-41ED-9F5A-2888AEA73290}.Release|Any CPU.ActiveCfg = Release|Any CPU
		{21554811-5E4B-41ED-9F5A-2888AEA73290}.Release|Any CPU.Build.0 = Release|Any CPU
		{F9495ECB-735E-418D-B64C-AF5D72454E12}.Debug|Any CPU.ActiveCfg = Debug|Any CPU
		{F9495ECB-735E-418D-B64C-AF5D72454E12}.Debug|Any CPU.Build.0 = Debug|Any CPU
		{F9495ECB-735E-418D-B64C-AF5D72454E12}.Release|Any CPU.ActiveCfg = Release|Any CPU
		{F9495ECB-735E-418D-B64C-AF5D72454E12}.Release|Any CPU.Build.0 = Release|Any CPU
		{54157041-042F-4E49-B118-480AB7145263}.Debug|Any CPU.ActiveCfg = Debug|Any CPU
		{54157041-042F-4E49-B118-480AB7145263}.Debug|Any CPU.Build.0 = Debug|Any CPU
		{54157041-042F-4E49-B118-480AB7145263}.Release|Any CPU.ActiveCfg = Release|Any CPU
		{54157041-042F-4E49-B118-480AB7145263}.Release|Any CPU.Build.0 = Release|Any CPU
		{67C53D24-28F4-4760-9688-7A02223239A7}.Debug|Any CPU.ActiveCfg = Debug|Any CPU
		{67C53D24-28F4-4760-9688-7A02223239A7}.Debug|Any CPU.Build.0 = Debug|Any CPU
		{67C53D24-28F4-4760-9688-7A02223239A7}.Release|Any CPU.ActiveCfg = Release|Any CPU
		{67C53D24-28F4-4760-9688-7A02223239A7}.Release|Any CPU.Build.0 = Release|Any CPU
		{B5FFF771-FD28-47BC-B64A-EB6B61D849F8}.Debug|Any CPU.ActiveCfg = Debug|Any CPU
		{B5FFF771-FD28-47BC-B64A-EB6B61D849F8}.Debug|Any CPU.Build.0 = Debug|Any CPU
		{B5FFF771-FD28-47BC-B64A-EB6B61D849F8}.Release|Any CPU.ActiveCfg = Release|Any CPU
		{B5FFF771-FD28-47BC-B64A-EB6B61D849F8}.Release|Any CPU.Build.0 = Release|Any CPU
		{0E480350-1903-43F6-A4D4-3FD476FB9D8D}.Debug|Any CPU.ActiveCfg = Debug|Any CPU
		{0E480350-1903-43F6-A4D4-3FD476FB9D8D}.Debug|Any CPU.Build.0 = Debug|Any CPU
		{0E480350-1903-43F6-A4D4-3FD476FB9D8D}.Release|Any CPU.ActiveCfg = Release|Any CPU
		{0E480350-1903-43F6-A4D4-3FD476FB9D8D}.Release|Any CPU.Build.0 = Release|Any CPU
	EndGlobalSection
	GlobalSection(SolutionProperties) = preSolution
		HideSolutionNode = FALSE
	EndGlobalSection
	GlobalSection(ExtensibilityGlobals) = postSolution
		SolutionGuid = {9FC86EED-C1C2-41D3-9317-F82E39F373D8}
	EndGlobalSection
EndGlobal
